
Microsoft Visual Studio Solution File, Format Version 12.00
# Visual Studio Version 16
VisualStudioVersion = 16.0.31729.503
MinimumVisualStudioVersion = 10.0.40219.1
Project("{9A19103F-16F7-4668-BE54-9A1E7A4F7556}") = "RomBuilder", "RomBuilder\RomBuilder.csproj", "{F85FCB01-577A-41E3-AC0E-7FF46E0EAE08}"
EndProject
Project("{2150E333-8FDC-42A3-9474-1A3956D46DE8}") = "Solution Items", "Solution Items", "{0E7D130A-DBEC-4A5D-9CEB-67FBA5E3F200}"
	ProjectSection(SolutionItems) = preProject
		.editorconfig = .editorconfig
		.gitattributes = .gitattributes
		.gitignore = .gitignore
		CODE_OF_CONDUCT.md = CODE_OF_CONDUCT.md
		LICENSE = LICENSE
		README.md = README.md
	EndProjectSection
EndProject
Project("{2150E333-8FDC-42A3-9474-1A3956D46DE8}") = ".github", ".github", "{53DCC7BA-C218-43DA-B555-57F6A2C38DB7}"
EndProject
Project("{2150E333-8FDC-42A3-9474-1A3956D46DE8}") = "workflows", "workflows", "{13945AEB-6119-4DC7-87C5-D2C7D3548B7B}"
	ProjectSection(SolutionItems) = preProject
		.github\workflows\continuous_integration.yml = .github\workflows\continuous_integration.yml
	EndProjectSection
EndProject
Project("{2150E333-8FDC-42A3-9474-1A3956D46DE8}") = "Samples", "Samples", "{95C8D058-94DD-483C-AEC7-78E1415F0C72}"
EndProject
Project("{2150E333-8FDC-42A3-9474-1A3956D46DE8}") = "RC2014", "RC2014", "{0071CBE9-07E2-46D2-BF6E-F1A5149CA71E}"
	ProjectSection(SolutionItems) = preProject
		Samples\RC2014\24886009.json = Samples\RC2014\24886009.json
		Samples\RC2014\R0000009.json = Samples\RC2014\R0000009.json
		Samples\RC2014\Readme.md = Samples\RC2014\Readme.md
	EndProjectSection
EndProject
Project("{2150E333-8FDC-42A3-9474-1A3956D46DE8}") = "roms", "roms", "{B0BA1696-3327-4BA3-A13E-B40256DDFE7A}"
	ProjectSection(SolutionItems) = preProject
		Samples\RC2014\roms\24886009.BIN = Samples\RC2014\roms\24886009.BIN
		Samples\RC2014\roms\R0000009.BIN = Samples\RC2014\roms\R0000009.BIN
	EndProjectSection
EndProject
Project("{2150E333-8FDC-42A3-9474-1A3956D46DE8}") = "imgs", "imgs", "{061EC2CF-853C-4E26-85D5-E68E47CDC1C7}"
EndProject
Global
	GlobalSection(SolutionConfigurationPlatforms) = preSolution
		Debug|Any CPU = Debug|Any CPU
		Release|Any CPU = Release|Any CPU
	EndGlobalSection
	GlobalSection(ProjectConfigurationPlatforms) = postSolution
		{F85FCB01-577A-41E3-AC0E-7FF46E0EAE08}.Debug|Any CPU.ActiveCfg = Debug|Any CPU
		{F85FCB01-577A-41E3-AC0E-7FF46E0EAE08}.Debug|Any CPU.Build.0 = Debug|Any CPU
		{F85FCB01-577A-41E3-AC0E-7FF46E0EAE08}.Release|Any CPU.ActiveCfg = Release|Any CPU
		{F85FCB01-577A-41E3-AC0E-7FF46E0EAE08}.Release|Any CPU.Build.0 = Release|Any CPU
	EndGlobalSection
	GlobalSection(SolutionProperties) = preSolution
		HideSolutionNode = FALSE
	EndGlobalSection
	GlobalSection(NestedProjects) = preSolution
		{13945AEB-6119-4DC7-87C5-D2C7D3548B7B} = {53DCC7BA-C218-43DA-B555-57F6A2C38DB7}
		{0071CBE9-07E2-46D2-BF6E-F1A5149CA71E} = {95C8D058-94DD-483C-AEC7-78E1415F0C72}
		{B0BA1696-3327-4BA3-A13E-B40256DDFE7A} = {0071CBE9-07E2-46D2-BF6E-F1A5149CA71E}
		{061EC2CF-853C-4E26-85D5-E68E47CDC1C7} = {0071CBE9-07E2-46D2-BF6E-F1A5149CA71E}
	EndGlobalSection
	GlobalSection(ExtensibilityGlobals) = postSolution
		SolutionGuid = {1B9DD0E6-B0C4-4D35-BC4E-BBC74E8208E2}
	EndGlobalSection
EndGlobal
